// !$*UTF8*$!
{
	archiveVersion = 1;
	classes = {
	};
	objectVersion = 55;
	objects = {

/* Begin PBXBuildFile section */
		4A3CA8AB2822CD760072E0E9 /* TutorialViewController.swift in Sources */ = {isa = PBXBuildFile; fileRef = 4A3CA8AA2822CD760072E0E9 /* TutorialViewController.swift */; };
		4A3CA8AD2822CD970072E0E9 /* StartScreenViewController.swift in Sources */ = {isa = PBXBuildFile; fileRef = 4A3CA8AC2822CD970072E0E9 /* StartScreenViewController.swift */; };
		4A3CA8AF2822CDB70072E0E9 /* GenreSelectionViewController.swift in Sources */ = {isa = PBXBuildFile; fileRef = 4A3CA8AE2822CDB70072E0E9 /* GenreSelectionViewController.swift */; };
		4A3CA8B12822CE4B0072E0E9 /* PlayScreenViewController.swift in Sources */ = {isa = PBXBuildFile; fileRef = 4A3CA8B02822CE4B0072E0E9 /* PlayScreenViewController.swift */; };
		4A3CA8B32822CEB00072E0E9 /* EndScreenViewController.swift in Sources */ = {isa = PBXBuildFile; fileRef = 4A3CA8B22822CEB00072E0E9 /* EndScreenViewController.swift */; };
		4A3CA8B52822D0E30072E0E9 /* TutorialScreen.storyboard in Resources */ = {isa = PBXBuildFile; fileRef = 4A3CA8B42822D0E30072E0E9 /* TutorialScreen.storyboard */; };
		4A3CA8B72822D1020072E0E9 /* GenreSelection.storyboard in Resources */ = {isa = PBXBuildFile; fileRef = 4A3CA8B62822D1020072E0E9 /* GenreSelection.storyboard */; };
		4A3CA8B92822D1190072E0E9 /* PlayScreen.storyboard in Resources */ = {isa = PBXBuildFile; fileRef = 4A3CA8B82822D1190072E0E9 /* PlayScreen.storyboard */; };
		4A3CA8BB2822D1220072E0E9 /* EndScreen.storyboard in Resources */ = {isa = PBXBuildFile; fileRef = 4A3CA8BA2822D1220072E0E9 /* EndScreen.storyboard */; };
		4AD5C2B3282027CF00C88267 /* AppDelegate.swift in Sources */ = {isa = PBXBuildFile; fileRef = 4AD5C2B2282027CF00C88267 /* AppDelegate.swift */; };
		4AD5C2B5282027CF00C88267 /* SceneDelegate.swift in Sources */ = {isa = PBXBuildFile; fileRef = 4AD5C2B4282027CF00C88267 /* SceneDelegate.swift */; };
		4AD5C2BA282027CF00C88267 /* Main.storyboard in Resources */ = {isa = PBXBuildFile; fileRef = 4AD5C2B8282027CF00C88267 /* Main.storyboard */; };
		4AD5C2BC282027D000C88267 /* Assets.xcassets in Resources */ = {isa = PBXBuildFile; fileRef = 4AD5C2BB282027D000C88267 /* Assets.xcassets */; };
		796C5B032847B008008ED937 /* space-chillout-14194.mp3 in Resources */ = {isa = PBXBuildFile; fileRef = 796C5B022847B008008ED937 /* space-chillout-14194.mp3 */; };
		797B08B42825681C005F302C /* SciFiStory.swift in Sources */ = {isa = PBXBuildFile; fileRef = 797B08B32825681C005F302C /* SciFiStory.swift */; };
		797B08B6282575F9005F302C /* StoryPlayFunctions.swift in Sources */ = {isa = PBXBuildFile; fileRef = 797B08B5282575F9005F302C /* StoryPlayFunctions.swift */; };
		797B08B82832A823005F302C /* Story.swift in Sources */ = {isa = PBXBuildFile; fileRef = 797B08B72832A823005F302C /* Story.swift */; };
		797B08BA2832A863005F302C /* Pages.swift in Sources */ = {isa = PBXBuildFile; fileRef = 797B08B92832A863005F302C /* Pages.swift */; };
		797B08BC2832A8C1005F302C /* Choices.swift in Sources */ = {isa = PBXBuildFile; fileRef = 797B08BB2832A8C1005F302C /* Choices.swift */; };
		DE4BC4D52847C4B000093FA2 /* FantasyImage.jpeg in Resources */ = {isa = PBXBuildFile; fileRef = DE4BC4D42847C4B000093FA2 /* FantasyImage.jpeg */; };
		DE77A193282B455200FD67DF /* FantasyMusic.mp3 in Resources */ = {isa = PBXBuildFile; fileRef = DE77A192282B455200FD67DF /* FantasyMusic.mp3 */; };
		DEECC4E828256AB0005282A9 /* FantasyStory.swift in Sources */ = {isa = PBXBuildFile; fileRef = DEECC4E728256AB0005282A9 /* FantasyStory.swift */; };
/* End PBXBuildFile section */

/* Begin PBXFileReference section */
		4A3CA8AA2822CD760072E0E9 /* TutorialViewController.swift */ = {isa = PBXFileReference; lastKnownFileType = sourcecode.swift; path = TutorialViewController.swift; sourceTree = "<group>"; };
		4A3CA8AC2822CD970072E0E9 /* StartScreenViewController.swift */ = {isa = PBXFileReference; lastKnownFileType = sourcecode.swift; path = StartScreenViewController.swift; sourceTree = "<group>"; };
		4A3CA8AE2822CDB70072E0E9 /* GenreSelectionViewController.swift */ = {isa = PBXFileReference; lastKnownFileType = sourcecode.swift; path = GenreSelectionViewController.swift; sourceTree = "<group>"; };
		4A3CA8B02822CE4B0072E0E9 /* PlayScreenViewController.swift */ = {isa = PBXFileReference; lastKnownFileType = sourcecode.swift; path = PlayScreenViewController.swift; sourceTree = "<group>"; };
		4A3CA8B22822CEB00072E0E9 /* EndScreenViewController.swift */ = {isa = PBXFileReference; lastKnownFileType = sourcecode.swift; path = EndScreenViewController.swift; sourceTree = "<group>"; };
		4A3CA8B42822D0E30072E0E9 /* TutorialScreen.storyboard */ = {isa = PBXFileReference; lastKnownFileType = file.storyboard; path = TutorialScreen.storyboard; sourceTree = "<group>"; };
		4A3CA8B62822D1020072E0E9 /* GenreSelection.storyboard */ = {isa = PBXFileReference; lastKnownFileType = file.storyboard; path = GenreSelection.storyboard; sourceTree = "<group>"; };
		4A3CA8B82822D1190072E0E9 /* PlayScreen.storyboard */ = {isa = PBXFileReference; lastKnownFileType = file.storyboard; path = PlayScreen.storyboard; sourceTree = "<group>"; };
		4A3CA8BA2822D1220072E0E9 /* EndScreen.storyboard */ = {isa = PBXFileReference; lastKnownFileType = file.storyboard; path = EndScreen.storyboard; sourceTree = "<group>"; };
		4AD5C2AF282027CF00C88267 /* Text Adventure.app */ = {isa = PBXFileReference; explicitFileType = wrapper.application; includeInIndex = 0; path = "Text Adventure.app"; sourceTree = BUILT_PRODUCTS_DIR; };
		4AD5C2B2282027CF00C88267 /* AppDelegate.swift */ = {isa = PBXFileReference; lastKnownFileType = sourcecode.swift; path = AppDelegate.swift; sourceTree = "<group>"; };
		4AD5C2B4282027CF00C88267 /* SceneDelegate.swift */ = {isa = PBXFileReference; lastKnownFileType = sourcecode.swift; path = SceneDelegate.swift; sourceTree = "<group>"; };
		4AD5C2B9282027CF00C88267 /* Base */ = {isa = PBXFileReference; lastKnownFileType = file.storyboard; name = Base; path = Base.lproj/Main.storyboard; sourceTree = "<group>"; };
		4AD5C2BB282027D000C88267 /* Assets.xcassets */ = {isa = PBXFileReference; lastKnownFileType = folder.assetcatalog; path = Assets.xcassets; sourceTree = "<group>"; };
		4AD5C2C0282027D000C88267 /* Info.plist */ = {isa = PBXFileReference; lastKnownFileType = text.plist.xml; path = Info.plist; sourceTree = "<group>"; };
		796C5B022847B008008ED937 /* space-chillout-14194.mp3 */ = {isa = PBXFileReference; lastKnownFileType = audio.mp3; path = "space-chillout-14194.mp3"; sourceTree = "<group>"; };
		797B08B32825681C005F302C /* SciFiStory.swift */ = {isa = PBXFileReference; lastKnownFileType = sourcecode.swift; path = SciFiStory.swift; sourceTree = "<group>"; };
		797B08B5282575F9005F302C /* StoryPlayFunctions.swift */ = {isa = PBXFileReference; lastKnownFileType = sourcecode.swift; path = StoryPlayFunctions.swift; sourceTree = "<group>"; };
		797B08B72832A823005F302C /* Story.swift */ = {isa = PBXFileReference; lastKnownFileType = sourcecode.swift; path = Story.swift; sourceTree = "<group>"; };
		797B08B92832A863005F302C /* Pages.swift */ = {isa = PBXFileReference; lastKnownFileType = sourcecode.swift; path = Pages.swift; sourceTree = "<group>"; };
		797B08BB2832A8C1005F302C /* Choices.swift */ = {isa = PBXFileReference; lastKnownFileType = sourcecode.swift; path = Choices.swift; sourceTree = "<group>"; };
		DE4BC4D42847C4B000093FA2 /* FantasyImage.jpeg */ = {isa = PBXFileReference; lastKnownFileType = image.jpeg; path = FantasyImage.jpeg; sourceTree = "<group>"; };
		DE77A192282B455200FD67DF /* FantasyMusic.mp3 */ = {isa = PBXFileReference; lastKnownFileType = audio.mp3; path = FantasyMusic.mp3; sourceTree = "<group>"; };
		DEECC4E728256AB0005282A9 /* FantasyStory.swift */ = {isa = PBXFileReference; lastKnownFileType = sourcecode.swift; path = FantasyStory.swift; sourceTree = "<group>"; };
/* End PBXFileReference section */

/* Begin PBXFrameworksBuildPhase section */
		4AD5C2AC282027CF00C88267 /* Frameworks */ = {
			isa = PBXFrameworksBuildPhase;
			buildActionMask = 2147483647;
			files = (
			);
			runOnlyForDeploymentPostprocessing = 0;
		};
/* End PBXFrameworksBuildPhase section */

/* Begin PBXGroup section */
		4A3CA8BC2822D18E0072E0E9 /* ViewControllers */ = {
			isa = PBXGroup;
			children = (
				4A3CA8AC2822CD970072E0E9 /* StartScreenViewController.swift */,
				4A3CA8AA2822CD760072E0E9 /* TutorialViewController.swift */,
				797B08B32825681C005F302C /* SciFiStory.swift */,
				797B08B5282575F9005F302C /* StoryPlayFunctions.swift */,
				4A3CA8AE2822CDB70072E0E9 /* GenreSelectionViewController.swift */,
				797B08B72832A823005F302C /* Story.swift */,
				797B08B92832A863005F302C /* Pages.swift */,
				797B08BB2832A8C1005F302C /* Choices.swift */,
				4A3CA8B02822CE4B0072E0E9 /* PlayScreenViewController.swift */,
				4A3CA8B22822CEB00072E0E9 /* EndScreenViewController.swift */,
				DEECC4E728256AB0005282A9 /* FantasyStory.swift */,
			);
			path = ViewControllers;
			sourceTree = "<group>";
		};
		4A3CA8BD2822D1AE0072E0E9 /* Delegate */ = {
			isa = PBXGroup;
			children = (
				4AD5C2B4282027CF00C88267 /* SceneDelegate.swift */,
				4AD5C2B2282027CF00C88267 /* AppDelegate.swift */,
			);
			path = Delegate;
			sourceTree = "<group>";
		};
		4A3CA8BE2822D1CC0072E0E9 /* Storyboards */ = {
			isa = PBXGroup;
			children = (
				4AD5C2B8282027CF00C88267 /* Main.storyboard */,
				4A3CA8B42822D0E30072E0E9 /* TutorialScreen.storyboard */,
				4A3CA8B62822D1020072E0E9 /* GenreSelection.storyboard */,
				4A3CA8B82822D1190072E0E9 /* PlayScreen.storyboard */,
				4A3CA8BA2822D1220072E0E9 /* EndScreen.storyboard */,
			);
			path = Storyboards;
			sourceTree = "<group>";
		};
		4AD5C2A6282027CF00C88267 = {
			isa = PBXGroup;
			children = (
				4AD5C2B1282027CF00C88267 /* Text Adventure */,
				4AD5C2B0282027CF00C88267 /* Products */,
			);
			sourceTree = "<group>";
		};
		4AD5C2B0282027CF00C88267 /* Products */ = {
			isa = PBXGroup;
			children = (
				4AD5C2AF282027CF00C88267 /* Text Adventure.app */,
			);
			name = Products;
			sourceTree = "<group>";
		};
		4AD5C2B1282027CF00C88267 /* Text Adventure */ = {
			isa = PBXGroup;
			children = (
				4A3CA8BC2822D18E0072E0E9 /* ViewControllers */,
				4A3CA8BD2822D1AE0072E0E9 /* Delegate */,
				4A3CA8BE2822D1CC0072E0E9 /* Storyboards */,
				4AD5C2BB282027D000C88267 /* Assets.xcassets */,
				4AD5C2C0282027D000C88267 /* Info.plist */,
				DE77A192282B455200FD67DF /* FantasyMusic.mp3 */,
				796C5B022847B008008ED937 /* space-chillout-14194.mp3 */,
				DE4BC4D42847C4B000093FA2 /* FantasyImage.jpeg */,
			);
			path = "Text Adventure";
			sourceTree = "<group>";
		};
/* End PBXGroup section */

/* Begin PBXNativeTarget section */
		4AD5C2AE282027CF00C88267 /* Text Adventure */ = {
			isa = PBXNativeTarget;
			buildConfigurationList = 4AD5C2C3282027D000C88267 /* Build configuration list for PBXNativeTarget "Text Adventure" */;
			buildPhases = (
				4AD5C2AB282027CF00C88267 /* Sources */,
				4AD5C2AC282027CF00C88267 /* Frameworks */,
				4AD5C2AD282027CF00C88267 /* Resources */,
			);
			buildRules = (
			);
			dependencies = (
			);
			name = "Text Adventure";
			productName = "Text Adventure";
			productReference = 4AD5C2AF282027CF00C88267 /* Text Adventure.app */;
			productType = "com.apple.product-type.application";
		};
/* End PBXNativeTarget section */

/* Begin PBXProject section */
		4AD5C2A7282027CF00C88267 /* Project object */ = {
			isa = PBXProject;
			attributes = {
				BuildIndependentTargetsInParallel = 1;
				LastSwiftUpdateCheck = 1330;
				LastUpgradeCheck = 1330;
				TargetAttributes = {
					4AD5C2AE282027CF00C88267 = {
						CreatedOnToolsVersion = 13.3.1;
					};
				};
			};
			buildConfigurationList = 4AD5C2AA282027CF00C88267 /* Build configuration list for PBXProject "Text Adventure" */;
			compatibilityVersion = "Xcode 13.0";
			developmentRegion = en;
			hasScannedForEncodings = 0;
			knownRegions = (
				en,
				Base,
			);
			mainGroup = 4AD5C2A6282027CF00C88267;
			productRefGroup = 4AD5C2B0282027CF00C88267 /* Products */;
			projectDirPath = "";
			projectRoot = "";
			targets = (
				4AD5C2AE282027CF00C88267 /* Text Adventure */,
			);
		};
/* End PBXProject section */

/* Begin PBXResourcesBuildPhase section */
		4AD5C2AD282027CF00C88267 /* Resources */ = {
			isa = PBXResourcesBuildPhase;
			buildActionMask = 2147483647;
			files = (
				4A3CA8BB2822D1220072E0E9 /* EndScreen.storyboard in Resources */,
				4A3CA8B92822D1190072E0E9 /* PlayScreen.storyboard in Resources */,
				DE77A193282B455200FD67DF /* FantasyMusic.mp3 in Resources */,
				796C5B032847B008008ED937 /* space-chillout-14194.mp3 in Resources */,
				4A3CA8B52822D0E30072E0E9 /* TutorialScreen.storyboard in Resources */,
				DE4BC4D52847C4B000093FA2 /* FantasyImage.jpeg in Resources */,
				4A3CA8B72822D1020072E0E9 /* GenreSelection.storyboard in Resources */,
				4AD5C2BC282027D000C88267 /* Assets.xcassets in Resources */,
				4AD5C2BA282027CF00C88267 /* Main.storyboard in Resources */,
			);
			runOnlyForDeploymentPostprocessing = 0;
		};
/* End PBXResourcesBuildPhase section */

/* Begin PBXSourcesBuildPhase section */
		4AD5C2AB282027CF00C88267 /* Sources */ = {
			isa = PBXSourcesBuildPhase;
			buildActionMask = 2147483647;
			files = (
				4A3CA8AF2822CDB70072E0E9 /* GenreSelectionViewController.swift in Sources */,
				4AD5C2B3282027CF00C88267 /* AppDelegate.swift in Sources */,
				797B08B42825681C005F302C /* SciFiStory.swift in Sources */,
				797B08B6282575F9005F302C /* StoryPlayFunctions.swift in Sources */,
				4A3CA8AB2822CD760072E0E9 /* TutorialViewController.swift in Sources */,
				4AD5C2B5282027CF00C88267 /* SceneDelegate.swift in Sources */,
				797B08BC2832A8C1005F302C /* Choices.swift in Sources */,
				797B08BA2832A863005F302C /* Pages.swift in Sources */,
				DEECC4E828256AB0005282A9 /* FantasyStory.swift in Sources */,
				4A3CA8AD2822CD970072E0E9 /* StartScreenViewController.swift in Sources */,
				4A3CA8B32822CEB00072E0E9 /* EndScreenViewController.swift in Sources */,
				4A3CA8B12822CE4B0072E0E9 /* PlayScreenViewController.swift in Sources */,
				797B08B82832A823005F302C /* Story.swift in Sources */,
			);
			runOnlyForDeploymentPostprocessing = 0;
		};
/* End PBXSourcesBuildPhase section */

/* Begin PBXVariantGroup section */
		4AD5C2B8282027CF00C88267 /* Main.storyboard */ = {
			isa = PBXVariantGroup;
			children = (
				4AD5C2B9282027CF00C88267 /* Base */,
			);
			name = Main.storyboard;
			sourceTree = "<group>";
		};
/* End PBXVariantGroup section */

/* Begin XCBuildConfiguration section */
		4AD5C2C1282027D000C88267 /* Debug */ = {
			isa = XCBuildConfiguration;
			buildSettings = {
				ALWAYS_SEARCH_USER_PATHS = NO;
				CLANG_ANALYZER_NONNULL = YES;
				CLANG_ANALYZER_NUMBER_OBJECT_CONVERSION = YES_AGGRESSIVE;
				CLANG_CXX_LANGUAGE_STANDARD = "gnu++17";
				CLANG_ENABLE_MODULES = YES;
				CLANG_ENABLE_OBJC_ARC = YES;
				CLANG_ENABLE_OBJC_WEAK = YES;
				CLANG_WARN_BLOCK_CAPTURE_AUTORELEASING = YES;
				CLANG_WARN_BOOL_CONVERSION = YES;
				CLANG_WARN_COMMA = YES;
				CLANG_WARN_CONSTANT_CONVERSION = YES;
				CLANG_WARN_DEPRECATED_OBJC_IMPLEMENTATIONS = YES;
				CLANG_WARN_DIRECT_OBJC_ISA_USAGE = YES_ERROR;
				CLANG_WARN_DOCUMENTATION_COMMENTS = YES;
				CLANG_WARN_EMPTY_BODY = YES;
				CLANG_WARN_ENUM_CONVERSION = YES;
				CLANG_WARN_INFINITE_RECURSION = YES;
				CLANG_WARN_INT_CONVERSION = YES;
				CLANG_WARN_NON_LITERAL_NULL_CONVERSION = YES;
				CLANG_WARN_OBJC_IMPLICIT_RETAIN_SELF = YES;
				CLANG_WARN_OBJC_LITERAL_CONVERSION = YES;
				CLANG_WARN_OBJC_ROOT_CLASS = YES_ERROR;
				CLANG_WARN_QUOTED_INCLUDE_IN_FRAMEWORK_HEADER = YES;
				CLANG_WARN_RANGE_LOOP_ANALYSIS = YES;
				CLANG_WARN_STRICT_PROTOTYPES = YES;
				CLANG_WARN_SUSPICIOUS_MOVE = YES;
				CLANG_WARN_UNGUARDED_AVAILABILITY = YES_AGGRESSIVE;
				CLANG_WARN_UNREACHABLE_CODE = YES;
				CLANG_WARN__DUPLICATE_METHOD_MATCH = YES;
				COPY_PHASE_STRIP = NO;
				DEBUG_INFORMATION_FORMAT = dwarf;
				ENABLE_STRICT_OBJC_MSGSEND = YES;
				ENABLE_TESTABILITY = YES;
				GCC_C_LANGUAGE_STANDARD = gnu11;
				GCC_DYNAMIC_NO_PIC = NO;
				GCC_NO_COMMON_BLOCKS = YES;
				GCC_OPTIMIZATION_LEVEL = 0;
				GCC_PREPROCESSOR_DEFINITIONS = (
					"DEBUG=1",
					"$(inherited)",
				);
				GCC_WARN_64_TO_32_BIT_CONVERSION = YES;
				GCC_WARN_ABOUT_RETURN_TYPE = YES_ERROR;
				GCC_WARN_UNDECLARED_SELECTOR = YES;
				GCC_WARN_UNINITIALIZED_AUTOS = YES_AGGRESSIVE;
				GCC_WARN_UNUSED_FUNCTION = YES;
				GCC_WARN_UNUSED_VARIABLE = YES;
				IPHONEOS_DEPLOYMENT_TARGET = 15.4;
				MTL_ENABLE_DEBUG_INFO = INCLUDE_SOURCE;
				MTL_FAST_MATH = YES;
				ONLY_ACTIVE_ARCH = YES;
				SDKROOT = iphoneos;
				SWIFT_ACTIVE_COMPILATION_CONDITIONS = DEBUG;
				SWIFT_OPTIMIZATION_LEVEL = "-Onone";
			};
			name = Debug;
		};
		4AD5C2C2282027D000C88267 /* Release */ = {
			isa = XCBuildConfiguration;
			buildSettings = {
				ALWAYS_SEARCH_USER_PATHS = NO;
				CLANG_ANALYZER_NONNULL = YES;
				CLANG_ANALYZER_NUMBER_OBJECT_CONVERSION = YES_AGGRESSIVE;
				CLANG_CXX_LANGUAGE_STANDARD = "gnu++17";
				CLANG_ENABLE_MODULES = YES;
				CLANG_ENABLE_OBJC_ARC = YES;
				CLANG_ENABLE_OBJC_WEAK = YES;
				CLANG_WARN_BLOCK_CAPTURE_AUTORELEASING = YES;
				CLANG_WARN_BOOL_CONVERSION = YES;
				CLANG_WARN_COMMA = YES;
				CLANG_WARN_CONSTANT_CONVERSION = YES;
				CLANG_WARN_DEPRECATED_OBJC_IMPLEMENTATIONS = YES;
				CLANG_WARN_DIRECT_OBJC_ISA_USAGE = YES_ERROR;
				CLANG_WARN_DOCUMENTATION_COMMENTS = YES;
				CLANG_WARN_EMPTY_BODY = YES;
				CLANG_WARN_ENUM_CONVERSION = YES;
				CLANG_WARN_INFINITE_RECURSION = YES;
				CLANG_WARN_INT_CONVERSION = YES;
				CLANG_WARN_NON_LITERAL_NULL_CONVERSION = YES;
				CLANG_WARN_OBJC_IMPLICIT_RETAIN_SELF = YES;
				CLANG_WARN_OBJC_LITERAL_CONVERSION = YES;
				CLANG_WARN_OBJC_ROOT_CLASS = YES_ERROR;
				CLANG_WARN_QUOTED_INCLUDE_IN_FRAMEWORK_HEADER = YES;
				CLANG_WARN_RANGE_LOOP_ANALYSIS = YES;
				CLANG_WARN_STRICT_PROTOTYPES = YES;
				CLANG_WARN_SUSPICIOUS_MOVE = YES;
				CLANG_WARN_UNGUARDED_AVAILABILITY = YES_AGGRESSIVE;
				CLANG_WARN_UNREACHABLE_CODE = YES;
				CLANG_WARN__DUPLICATE_METHOD_MATCH = YES;
				COPY_PHASE_STRIP = NO;
				DEBUG_INFORMATION_FORMAT = "dwarf-with-dsym";
				ENABLE_NS_ASSERTIONS = NO;
				ENABLE_STRICT_OBJC_MSGSEND = YES;
				GCC_C_LANGUAGE_STANDARD = gnu11;
				GCC_NO_COMMON_BLOCKS = YES;
				GCC_WARN_64_TO_32_BIT_CONVERSION = YES;
				GCC_WARN_ABOUT_RETURN_TYPE = YES_ERROR;
				GCC_WARN_UNDECLARED_SELECTOR = YES;
				GCC_WARN_UNINITIALIZED_AUTOS = YES_AGGRESSIVE;
				GCC_WARN_UNUSED_FUNCTION = YES;
				GCC_WARN_UNUSED_VARIABLE = YES;
				IPHONEOS_DEPLOYMENT_TARGET = 15.4;
				MTL_ENABLE_DEBUG_INFO = NO;
				MTL_FAST_MATH = YES;
				SDKROOT = iphoneos;
				SWIFT_COMPILATION_MODE = wholemodule;
				SWIFT_OPTIMIZATION_LEVEL = "-O";
				VALIDATE_PRODUCT = YES;
			};
			name = Release;
		};
		4AD5C2C4282027D000C88267 /* Debug */ = {
			isa = XCBuildConfiguration;
			buildSettings = {
				ASSETCATALOG_COMPILER_APPICON_NAME = AppIcon;
				ASSETCATALOG_COMPILER_GLOBAL_ACCENT_COLOR_NAME = AccentColor;
				CODE_SIGN_STYLE = Automatic;
				CURRENT_PROJECT_VERSION = 1;
				DEVELOPMENT_TEAM = T22LLLY7PY;
				GENERATE_INFOPLIST_FILE = YES;
				INFOPLIST_FILE = "Text Adventure/Info.plist";
				INFOPLIST_KEY_UIApplicationSupportsIndirectInputEvents = YES;
				INFOPLIST_KEY_UILaunchStoryboardName = LaunchScreen;
				INFOPLIST_KEY_UIMainStoryboardFile = Main;
				INFOPLIST_KEY_UISupportedInterfaceOrientations_iPad = "UIInterfaceOrientationPortrait UIInterfaceOrientationPortraitUpsideDown UIInterfaceOrientationLandscapeLeft UIInterfaceOrientationLandscapeRight";
				INFOPLIST_KEY_UISupportedInterfaceOrientations_iPhone = "UIInterfaceOrientationPortrait UIInterfaceOrientationLandscapeLeft UIInterfaceOrientationLandscapeRight";
				LD_RUNPATH_SEARCH_PATHS = (
					"$(inherited)",
					"@executable_path/Frameworks",
				);
				MARKETING_VERSION = 1.0;
				PRODUCT_BUNDLE_IDENTIFIER = "com.payten.Text-Adventure";
				PRODUCT_NAME = "$(TARGET_NAME)";
				SWIFT_EMIT_LOC_STRINGS = YES;
				SWIFT_VERSION = 5.0;
				TARGETED_DEVICE_FAMILY = "1,2";
			};
			name = Debug;
		};
		4AD5C2C5282027D000C88267 /* Release */ = {
			isa = XCBuildConfiguration;
			buildSettings = {
				ASSETCATALOG_COMPILER_APPICON_NAME = AppIcon;
				ASSETCATALOG_COMPILER_GLOBAL_ACCENT_COLOR_NAME = AccentColor;
				CODE_SIGN_STYLE = Automatic;
				CURRENT_PROJECT_VERSION = 1;
				DEVELOPMENT_TEAM = T22LLLY7PY;
				GENERATE_INFOPLIST_FILE = YES;
				INFOPLIST_FILE = "Text Adventure/Info.plist";
				INFOPLIST_KEY_UIApplicationSupportsIndirectInputEvents = YES;
				INFOPLIST_KEY_UILaunchStoryboardName = LaunchScreen;
				INFOPLIST_KEY_UIMainStoryboardFile = Main;
				INFOPLIST_KEY_UISupportedInterfaceOrientations_iPad = "UIInterfaceOrientationPortrait UIInterfaceOrientationPortraitUpsideDown UIInterfaceOrientationLandscapeLeft UIInterfaceOrientationLandscapeRight";
				INFOPLIST_KEY_UISupportedInterfaceOrientations_iPhone = "UIInterfaceOrientationPortrait UIInterfaceOrientationLandscapeLeft UIInterfaceOrientationLandscapeRight";
				LD_RUNPATH_SEARCH_PATHS = (
					"$(inherited)",
					"@executable_path/Frameworks",
				);
				MARKETING_VERSION = 1.0;
				PRODUCT_BUNDLE_IDENTIFIER = "com.payten.Text-Adventure";
				PRODUCT_NAME = "$(TARGET_NAME)";
				SWIFT_EMIT_LOC_STRINGS = YES;
				SWIFT_VERSION = 5.0;
				TARGETED_DEVICE_FAMILY = "1,2";
			};
			name = Release;
		};
/* End XCBuildConfiguration section */

/* Begin XCConfigurationList section */
		4AD5C2AA282027CF00C88267 /* Build configuration list for PBXProject "Text Adventure" */ = {
			isa = XCConfigurationList;
			buildConfigurations = (
				4AD5C2C1282027D000C88267 /* Debug */,
				4AD5C2C2282027D000C88267 /* Release */,
			);
			defaultConfigurationIsVisible = 0;
			defaultConfigurationName = Release;
		};
		4AD5C2C3282027D000C88267 /* Build configuration list for PBXNativeTarget "Text Adventure" */ = {
			isa = XCConfigurationList;
			buildConfigurations = (
				4AD5C2C4282027D000C88267 /* Debug */,
				4AD5C2C5282027D000C88267 /* Release */,
			);
			defaultConfigurationIsVisible = 0;
			defaultConfigurationName = Release;
		};
/* End XCConfigurationList section */
	};
	rootObject = 4AD5C2A7282027CF00C88267 /* Project object */;
}
